// !$*UTF8*$!
{
	archiveVersion = 1;
	classes = {
	};
	objectVersion = 50;
	objects = {

/* Begin PBXBuildFile section */
		ED64EB6E20E4D3360075852F /* AppDelegate.swift in Sources */ = {isa = PBXBuildFile; fileRef = ED64EB6D20E4D3360075852F /* AppDelegate.swift */; };
		ED64EB7020E4D3360075852F /* ViewController.swift in Sources */ = {isa = PBXBuildFile; fileRef = ED64EB6F20E4D3360075852F /* ViewController.swift */; };
		ED64EB7320E4D3360075852F /* Main.storyboard in Resources */ = {isa = PBXBuildFile; fileRef = ED64EB7120E4D3360075852F /* Main.storyboard */; };
		ED64EB7520E4D33D0075852F /* Assets.xcassets in Resources */ = {isa = PBXBuildFile; fileRef = ED64EB7420E4D33D0075852F /* Assets.xcassets */; };
		ED64EB7820E4D33D0075852F /* LaunchScreen.storyboard in Resources */ = {isa = PBXBuildFile; fileRef = ED64EB7620E4D33D0075852F /* LaunchScreen.storyboard */; };
		ED64EB8120E4D5D30075852F /* SetModel.swift in Sources */ = {isa = PBXBuildFile; fileRef = ED64EB8020E4D5D30075852F /* SetModel.swift */; };
		EDF66EEF20EA1CB6001B508F /* Extensions.swift in Sources */ = {isa = PBXBuildFile; fileRef = EDF66EEE20EA1CB6001B508F /* Extensions.swift */; };
		EDF66EF120EA1CDA001B508F /* CardModel.swift in Sources */ = {isa = PBXBuildFile; fileRef = EDF66EF020EA1CDA001B508F /* CardModel.swift */; };
		EDF66EF320EA1CE3001B508F /* CardDeckModel.swift in Sources */ = {isa = PBXBuildFile; fileRef = EDF66EF220EA1CE3001B508F /* CardDeckModel.swift */; };
/* End PBXBuildFile section */

/* Begin PBXFileReference section */
		ED64EB6A20E4D3350075852F /* Set!.app */ = {isa = PBXFileReference; explicitFileType = wrapper.application; includeInIndex = 0; path = "Set!.app"; sourceTree = BUILT_PRODUCTS_DIR; };
		ED64EB6D20E4D3360075852F /* AppDelegate.swift */ = {isa = PBXFileReference; lastKnownFileType = sourcecode.swift; path = AppDelegate.swift; sourceTree = "<group>"; };
		ED64EB6F20E4D3360075852F /* ViewController.swift */ = {isa = PBXFileReference; lastKnownFileType = sourcecode.swift; path = ViewController.swift; sourceTree = "<group>"; };
		ED64EB7220E4D3360075852F /* Base */ = {isa = PBXFileReference; lastKnownFileType = file.storyboard; name = Base; path = Base.lproj/Main.storyboard; sourceTree = "<group>"; };
		ED64EB7420E4D33D0075852F /* Assets.xcassets */ = {isa = PBXFileReference; lastKnownFileType = folder.assetcatalog; path = Assets.xcassets; sourceTree = "<group>"; };
		ED64EB7720E4D33D0075852F /* Base */ = {isa = PBXFileReference; lastKnownFileType = file.storyboard; name = Base; path = Base.lproj/LaunchScreen.storyboard; sourceTree = "<group>"; };
		ED64EB7920E4D33D0075852F /* Info.plist */ = {isa = PBXFileReference; lastKnownFileType = text.plist.xml; path = Info.plist; sourceTree = "<group>"; };
		ED64EB8020E4D5D30075852F /* SetModel.swift */ = {isa = PBXFileReference; lastKnownFileType = sourcecode.swift; path = SetModel.swift; sourceTree = "<group>"; };
		EDF66EEE20EA1CB6001B508F /* Extensions.swift */ = {isa = PBXFileReference; lastKnownFileType = sourcecode.swift; path = Extensions.swift; sourceTree = "<group>"; };
		EDF66EF020EA1CDA001B508F /* CardModel.swift */ = {isa = PBXFileReference; lastKnownFileType = sourcecode.swift; path = CardModel.swift; sourceTree = "<group>"; };
		EDF66EF220EA1CE3001B508F /* CardDeckModel.swift */ = {isa = PBXFileReference; lastKnownFileType = sourcecode.swift; path = CardDeckModel.swift; sourceTree = "<group>"; };
/* End PBXFileReference section */

/* Begin PBXFrameworksBuildPhase section */
		ED64EB6720E4D3350075852F /* Frameworks */ = {
			isa = PBXFrameworksBuildPhase;
			buildActionMask = 2147483647;
			files = (
			);
			runOnlyForDeploymentPostprocessing = 0;
		};
/* End PBXFrameworksBuildPhase section */

/* Begin PBXGroup section */
		ED64EB6120E4D3350075852F = {
			isa = PBXGroup;
			children = (
				ED64EB6C20E4D3350075852F /* Set! */,
				ED64EB6B20E4D3350075852F /* Products */,
			);
			sourceTree = "<group>";
		};
		ED64EB6B20E4D3350075852F /* Products */ = {
			isa = PBXGroup;
			children = (
				ED64EB6A20E4D3350075852F /* Set!.app */,
			);
			name = Products;
			sourceTree = "<group>";
		};
		ED64EB6C20E4D3350075852F /* Set! */ = {
			isa = PBXGroup;
			children = (
				ED64EB8020E4D5D30075852F /* SetModel.swift */,
				EDF66EF020EA1CDA001B508F /* CardModel.swift */,
				EDF66EF220EA1CE3001B508F /* CardDeckModel.swift */,
				EDF66EEE20EA1CB6001B508F /* Extensions.swift */,
				ED64EB7120E4D3360075852F /* Main.storyboard */,
				ED64EB6F20E4D3360075852F /* ViewController.swift */,
				ED64EB7920E4D33D0075852F /* Info.plist */,
				ED64EB7F20E4D59B0075852F /* Supporting FIles */,
			);
			path = "Set!";
			sourceTree = "<group>";
		};
		ED64EB7F20E4D59B0075852F /* Supporting FIles */ = {
			isa = PBXGroup;
			children = (
				ED64EB6D20E4D3360075852F /* AppDelegate.swift */,
				ED64EB7420E4D33D0075852F /* Assets.xcassets */,
				ED64EB7620E4D33D0075852F /* LaunchScreen.storyboard */,
			);
			path = "Supporting FIles";
			sourceTree = "<group>";
		};
/* End PBXGroup section */

/* Begin PBXNativeTarget section */
		ED64EB6920E4D3350075852F /* Set! */ = {
			isa = PBXNativeTarget;
			buildConfigurationList = ED64EB7C20E4D33D0075852F /* Build configuration list for PBXNativeTarget "Set!" */;
			buildPhases = (
				ED64EB6620E4D3350075852F /* Sources */,
				ED64EB6720E4D3350075852F /* Frameworks */,
				ED64EB6820E4D3350075852F /* Resources */,
			);
			buildRules = (
			);
			dependencies = (
			);
			name = "Set!";
			productName = "Set!";
			productReference = ED64EB6A20E4D3350075852F /* Set!.app */;
			productType = "com.apple.product-type.application";
		};
/* End PBXNativeTarget section */

/* Begin PBXProject section */
		ED64EB6220E4D3350075852F /* Project object */ = {
			isa = PBXProject;
			attributes = {
				LastSwiftUpdateCheck = 0940;
				LastUpgradeCheck = 0940;
				ORGANIZATIONNAME = "Mark Johnson";
				TargetAttributes = {
					ED64EB6920E4D3350075852F = {
						CreatedOnToolsVersion = 9.4;
					};
				};
			};
			buildConfigurationList = ED64EB6520E4D3350075852F /* Build configuration list for PBXProject "Set!" */;
			compatibilityVersion = "Xcode 9.3";
			developmentRegion = en;
			hasScannedForEncodings = 0;
			knownRegions = (
				en,
				Base,
			);
			mainGroup = ED64EB6120E4D3350075852F;
			productRefGroup = ED64EB6B20E4D3350075852F /* Products */;
			projectDirPath = "";
			projectRoot = "";
			targets = (
				ED64EB6920E4D3350075852F /* Set! */,
			);
		};
/* End PBXProject section */

/* Begin PBXResourcesBuildPhase section */
		ED64EB6820E4D3350075852F /* Resources */ = {
			isa = PBXResourcesBuildPhase;
			buildActionMask = 2147483647;
			files = (
				ED64EB7820E4D33D0075852F /* LaunchScreen.storyboard in Resources */,
				ED64EB7520E4D33D0075852F /* Assets.xcassets in Resources */,
				ED64EB7320E4D3360075852F /* Main.storyboard in Resources */,
			);
			runOnlyForDeploymentPostprocessing = 0;
		};
/* End PBXResourcesBuildPhase section */

/* Begin PBXSourcesBuildPhase section */
		ED64EB6620E4D3350075852F /* Sources */ = {
			isa = PBXSourcesBuildPhase;
			buildActionMask = 2147483647;
			files = (
				ED64EB7020E4D3360075852F /* ViewController.swift in Sources */,
				ED64EB6E20E4D3360075852F /* AppDelegate.swift in Sources */,
				ED64EB8120E4D5D30075852F /* SetModel.swift in Sources */,
				EDF66EEF20EA1CB6001B508F /* Extensions.swift in Sources */,
				EDF66EF320EA1CE3001B508F /* CardDeckModel.swift in Sources */,
				EDF66EF120EA1CDA001B508F /* CardModel.swift in Sources */,
			);
			runOnlyForDeploymentPostprocessing = 0;
		};
/* End PBXSourcesBuildPhase section */

/* Begin PBXVariantGroup section */
		ED64EB7120E4D3360075852F /* Main.storyboard */ = {
			isa = PBXVariantGroup;
			children = (
				ED64EB7220E4D3360075852F /* Base */,
			);
			name = Main.storyboard;
			sourceTree = "<group>";
		};
		ED64EB7620E4D33D0075852F /* LaunchScreen.storyboard */ = {
			isa = PBXVariantGroup;
			children = (
				ED64EB7720E4D33D0075852F /* Base */,
			);
			name = LaunchScreen.storyboard;
			sourceTree = "<group>";
		};
/* End PBXVariantGroup section */

/* Begin XCBuildConfiguration section */
		ED64EB7A20E4D33D0075852F /* Debug */ = {
			isa = XCBuildConfiguration;
			buildSettings = {
				ALWAYS_SEARCH_USER_PATHS = NO;
				CLANG_ANALYZER_NONNULL = YES;
				CLANG_ANALYZER_NUMBER_OBJECT_CONVERSION = YES_AGGRESSIVE;
				CLANG_CXX_LANGUAGE_STANDARD = "gnu++14";
				CLANG_CXX_LIBRARY = "libc++";
				CLANG_ENABLE_MODULES = YES;
				CLANG_ENABLE_OBJC_ARC = YES;
				CLANG_ENABLE_OBJC_WEAK = YES;
				CLANG_WARN_BLOCK_CAPTURE_AUTORELEASING = YES;
				CLANG_WARN_BOOL_CONVERSION = YES;
				CLANG_WARN_COMMA = YES;
				CLANG_WARN_CONSTANT_CONVERSION = YES;
				CLANG_WARN_DEPRECATED_OBJC_IMPLEMENTATIONS = YES;
				CLANG_WARN_DIRECT_OBJC_ISA_USAGE = YES_ERROR;
				CLANG_WARN_DOCUMENTATION_COMMENTS = YES;
				CLANG_WARN_EMPTY_BODY = YES;
				CLANG_WARN_ENUM_CONVERSION = YES;
				CLANG_WARN_INFINITE_RECURSION = YES;
				CLANG_WARN_INT_CONVERSION = YES;
				CLANG_WARN_NON_LITERAL_NULL_CONVERSION = YES;
				CLANG_WARN_OBJC_IMPLICIT_RETAIN_SELF = YES;
				CLANG_WARN_OBJC_LITERAL_CONVERSION = YES;
				CLANG_WARN_OBJC_ROOT_CLASS = YES_ERROR;
				CLANG_WARN_RANGE_LOOP_ANALYSIS = YES;
				CLANG_WARN_STRICT_PROTOTYPES = YES;
				CLANG_WARN_SUSPICIOUS_MOVE = YES;
				CLANG_WARN_UNGUARDED_AVAILABILITY = YES_AGGRESSIVE;
				CLANG_WARN_UNREACHABLE_CODE = YES;
				CLANG_WARN__DUPLICATE_METHOD_MATCH = YES;
				CODE_SIGN_IDENTITY = "iPhone Developer";
				COPY_PHASE_STRIP = NO;
				DEBUG_INFORMATION_FORMAT = dwarf;
				ENABLE_STRICT_OBJC_MSGSEND = YES;
				ENABLE_TESTABILITY = YES;
				GCC_C_LANGUAGE_STANDARD = gnu11;
				GCC_DYNAMIC_NO_PIC = NO;
				GCC_NO_COMMON_BLOCKS = YES;
				GCC_OPTIMIZATION_LEVEL = 0;
				GCC_PREPROCESSOR_DEFINITIONS = (
					"DEBUG=1",
					"$(inherited)",
				);
				GCC_WARN_64_TO_32_BIT_CONVERSION = YES;
				GCC_WARN_ABOUT_RETURN_TYPE = YES_ERROR;
				GCC_WARN_UNDECLARED_SELECTOR = YES;
				GCC_WARN_UNINITIALIZED_AUTOS = YES_AGGRESSIVE;
				GCC_WARN_UNUSED_FUNCTION = YES;
				GCC_WARN_UNUSED_VARIABLE = YES;
				IPHONEOS_DEPLOYMENT_TARGET = 11.4;
				MTL_ENABLE_DEBUG_INFO = YES;
				ONLY_ACTIVE_ARCH = YES;
				SDKROOT = iphoneos;
				SWIFT_ACTIVE_COMPILATION_CONDITIONS = DEBUG;
				SWIFT_OPTIMIZATION_LEVEL = "-Onone";
			};
			name = Debug;
		};
		ED64EB7B20E4D33D0075852F /* Release */ = {
			isa = XCBuildConfiguration;
			buildSettings = {
				ALWAYS_SEARCH_USER_PATHS = NO;
				CLANG_ANALYZER_NONNULL = YES;
				CLANG_ANALYZER_NUMBER_OBJECT_CONVERSION = YES_AGGRESSIVE;
				CLANG_CXX_LANGUAGE_STANDARD = "gnu++14";
				CLANG_CXX_LIBRARY = "libc++";
				CLANG_ENABLE_MODULES = YES;
				CLANG_ENABLE_OBJC_ARC = YES;
				CLANG_ENABLE_OBJC_WEAK = YES;
				CLANG_WARN_BLOCK_CAPTURE_AUTORELEASING = YES;
				CLANG_WARN_BOOL_CONVERSION = YES;
				CLANG_WARN_COMMA = YES;
				CLANG_WARN_CONSTANT_CONVERSION = YES;
				CLANG_WARN_DEPRECATED_OBJC_IMPLEMENTATIONS = YES;
				CLANG_WARN_DIRECT_OBJC_ISA_USAGE = YES_ERROR;
				CLANG_WARN_DOCUMENTATION_COMMENTS = YES;
				CLANG_WARN_EMPTY_BODY = YES;
				CLANG_WARN_ENUM_CONVERSION = YES;
				CLANG_WARN_INFINITE_RECURSION = YES;
				CLANG_WARN_INT_CONVERSION = YES;
				CLANG_WARN_NON_LITERAL_NULL_CONVERSION = YES;
				CLANG_WARN_OBJC_IMPLICIT_RETAIN_SELF = YES;
				CLANG_WARN_OBJC_LITERAL_CONVERSION = YES;
				CLANG_WARN_OBJC_ROOT_CLASS = YES_ERROR;
				CLANG_WARN_RANGE_LOOP_ANALYSIS = YES;
				CLANG_WARN_STRICT_PROTOTYPES = YES;
				CLANG_WARN_SUSPICIOUS_MOVE = YES;
				CLANG_WARN_UNGUARDED_AVAILABILITY = YES_AGGRESSIVE;
				CLANG_WARN_UNREACHABLE_CODE = YES;
				CLANG_WARN__DUPLICATE_METHOD_MATCH = YES;
				CODE_SIGN_IDENTITY = "iPhone Developer";
				COPY_PHASE_STRIP = NO;
				DEBUG_INFORMATION_FORMAT = "dwarf-with-dsym";
				ENABLE_NS_ASSERTIONS = NO;
				ENABLE_STRICT_OBJC_MSGSEND = YES;
				GCC_C_LANGUAGE_STANDARD = gnu11;
				GCC_NO_COMMON_BLOCKS = YES;
				GCC_WARN_64_TO_32_BIT_CONVERSION = YES;
				GCC_WARN_ABOUT_RETURN_TYPE = YES_ERROR;
				GCC_WARN_UNDECLARED_SELECTOR = YES;
				GCC_WARN_UNINITIALIZED_AUTOS = YES_AGGRESSIVE;
				GCC_WARN_UNUSED_FUNCTION = YES;
				GCC_WARN_UNUSED_VARIABLE = YES;
				IPHONEOS_DEPLOYMENT_TARGET = 11.4;
				MTL_ENABLE_DEBUG_INFO = NO;
				SDKROOT = iphoneos;
				SWIFT_COMPILATION_MODE = wholemodule;
				SWIFT_OPTIMIZATION_LEVEL = "-O";
				VALIDATE_PRODUCT = YES;
			};
			name = Release;
		};
		ED64EB7D20E4D33D0075852F /* Debug */ = {
			isa = XCBuildConfiguration;
			buildSettings = {
				ASSETCATALOG_COMPILER_APPICON_NAME = AppIcon;
				CODE_SIGN_STYLE = Automatic;
				DEVELOPMENT_TEAM = DN35ZQB7DD;
				INFOPLIST_FILE = "Set!/Info.plist";
				LD_RUNPATH_SEARCH_PATHS = (
					"$(inherited)",
					"@executable_path/Frameworks",
				);
				PRODUCT_BUNDLE_IDENTIFIER = "MarkedDevlopment.Set-";
				PRODUCT_NAME = "$(TARGET_NAME)";
				SWIFT_VERSION = 4.2;
				TARGETED_DEVICE_FAMILY = "1,2";
			};
			name = Debug;
		};
		ED64EB7E20E4D33D0075852F /* Release */ = {
			isa = XCBuildConfiguration;
			buildSettings = {
				ASSETCATALOG_COMPILER_APPICON_NAME = AppIcon;
				CODE_SIGN_STYLE = Automatic;
				DEVELOPMENT_TEAM = DN35ZQB7DD;
				INFOPLIST_FILE = "Set!/Info.plist";
				LD_RUNPATH_SEARCH_PATHS = (
					"$(inherited)",
					"@executable_path/Frameworks",
				);
				PRODUCT_BUNDLE_IDENTIFIER = "MarkedDevlopment.Set-";
				PRODUCT_NAME = "$(TARGET_NAME)";
				SWIFT_VERSION = 4.2;
				TARGETED_DEVICE_FAMILY = "1,2";
			};
			name = Release;
		};
/* End XCBuildConfiguration section */

/* Begin XCConfigurationList section */
		ED64EB6520E4D3350075852F /* Build configuration list for PBXProject "Set!" */ = {
			isa = XCConfigurationList;
			buildConfigurations = (
				ED64EB7A20E4D33D0075852F /* Debug */,
				ED64EB7B20E4D33D0075852F /* Release */,
			);
			defaultConfigurationIsVisible = 0;
			defaultConfigurationName = Release;
		};
		ED64EB7C20E4D33D0075852F /* Build configuration list for PBXNativeTarget "Set!" */ = {
			isa = XCConfigurationList;
			buildConfigurations = (
				ED64EB7D20E4D33D0075852F /* Debug */,
				ED64EB7E20E4D33D0075852F /* Release */,
			);
			defaultConfigurationIsVisible = 0;
			defaultConfigurationName = Release;
		};
/* End XCConfigurationList section */
	};
	rootObject = ED64EB6220E4D3350075852F /* Project object */;
}
